<?xml version="1.0" encoding="utf-8"?>
<Project ToolsVersion="4.0" xmlns="http://schemas.microsoft.com/developer/msbuild/2003">
  <ItemGroup>
    <Filter Include="Source Files">
      <UniqueIdentifier>{4FC737F1-C7A5-4376-A066-2A32D752A2FF}</UniqueIdentifier>
      <Extensions>cpp;c;cc;cxx;def;odl;idl;hpj;bat;asm;asmx</Extensions>
    </Filter>
    <Filter Include="Source Files\DataManager">
      <UniqueIdentifier>{ce9af9ff-58dd-4686-966f-9a2c5b7d9a32}</UniqueIdentifier>
    </Filter>
    <Filter Include="Source Files\GameInterface">
      <UniqueIdentifier>{b2de1ee5-ca96-40b4-a0b4-1c2b887fc4eb}</UniqueIdentifier>
    </Filter>
    <Filter Include="Source Files\GameObject">
      <UniqueIdentifier>{b61dee5d-87aa-4a09-bec3-a97df0541091}</UniqueIdentifier>
    </Filter>
    <Filter Include="Source Files\Physics">
      <UniqueIdentifier>{8aa6fb52-e4ac-4c42-a5c9-df7467011fcd}</UniqueIdentifier>
    </Filter>
    <Filter Include="Source Files\Render">
      <UniqueIdentifier>{9074f919-1445-499a-82bd-28375ea88087}</UniqueIdentifier>
    </Filter>
    <Filter Include="Source Files\Tools">
      <UniqueIdentifier>{f5cda29e-c1d5-4c3f-9e55-46c636d1863c}</UniqueIdentifier>
    </Filter>
    <Filter Include="Source Files\EventSystem">
      <UniqueIdentifier>{9623ff4c-17ee-4ffc-896e-a781660d3f66}</UniqueIdentifier>
    </Filter>
  </ItemGroup>
  <ItemGroup>
    <ClCompile Include="Sourse code\main.cpp">
      <Filter>Source Files</Filter>
    </ClCompile>
    <ClCompile Include="Sourse code\GameObject\cloud.cpp">
      <Filter>Source Files\GameObject</Filter>
    </ClCompile>
    <ClCompile Include="Sourse code\GameObject\gameObject.cpp">
      <Filter>Source Files\GameObject</Filter>
    </ClCompile>
    <ClCompile Include="Sourse code\GameObject\hero.cpp">
      <Filter>Source Files\GameObject</Filter>
    </ClCompile>
    <ClCompile Include="Sourse code\GameObject\platform.cpp">
      <Filter>Source Files\GameObject</Filter>
    </ClCompile>
    <ClCompile Include="Sourse code\EventSystem\eventController.cpp">
      <Filter>Source Files\EventSystem</Filter>
    </ClCompile>
    <ClCompile Include="Sourse code\EventSystem\eventListener.cpp">
      <Filter>Source Files\EventSystem</Filter>
    </ClCompile>
    <ClCompile Include="Sourse code\Physics\collision.cpp">
      <Filter>Source Files\Physics</Filter>
    </ClCompile>
    <ClCompile Include="Sourse code\Physics\physicsController.cpp">
      <Filter>Source Files\Physics</Filter>
    </ClCompile>
    <ClCompile Include="Sourse code\Interface\interface.cpp">
      <Filter>Source Files\GameInterface</Filter>
    </ClCompile>
    <ClCompile Include="Sourse code\Interface\interfaceWindow.cpp">
      <Filter>Source Files\GameInterface</Filter>
    </ClCompile>
    <ClCompile Include="Sourse code\Interface\uiButton.cpp">
      <Filter>Source Files\GameInterface</Filter>
    </ClCompile>
    <ClCompile Include="Sourse code\Interface\uiObject.cpp">
      <Filter>Source Files\GameInterface</Filter>
    </ClCompile>
    <ClCompile Include="Sourse code\Interface\uiSprite.cpp">
      <Filter>Source Files\GameInterface</Filter>
    </ClCompile>
    <ClCompile Include="Sourse code\Interface\uiText.cpp">
      <Filter>Source Files\GameInterface</Filter>
    </ClCompile>
    <ClCompile Include="Sourse code\inputController.cpp">
      <Filter>Source Files</Filter>
    </ClCompile>
    <ClCompile Include="Sourse code\controller.cpp">
      <Filter>Source Files</Filter>
    </ClCompile>
    <ClCompile Include="Sourse code\game.cpp">
      <Filter>Source Files</Filter>
    </ClCompile>
    <ClCompile Include="Sourse code\render\camera.cpp">
      <Filter>Source Files\Render</Filter>
    </ClCompile>
    <ClCompile Include="Sourse code\render\render.cpp">
      <Filter>Source Files\Render</Filter>
    </ClCompile>
    <ClCompile Include="Sourse code\dataManager\dataManager.cpp">
      <Filter>Source Files\DataManager</Filter>
    </ClCompile>
    <ClCompile Include="Sourse code\tools\pool.cpp">
      <Filter>Source Files\Tools</Filter>
    </ClCompile>
    <ClCompile Include="Sourse code\tools\utils.cpp">
      <Filter>Source Files\Tools</Filter>
    </ClCompile>
    <ClCompile Include="Sourse code\tools\vec2.cpp">
      <Filter>Source Files\Tools</Filter>
    </ClCompile>
  </ItemGroup>
  <ItemGroup>
    <ClInclude Include="Sourse code\DataManager\levelSettings.h">
      <Filter>Source Files\DataManager</Filter>
    </ClInclude>
    <ClInclude Include="Sourse code\GameObject\cloud.h">
      <Filter>Source Files\GameObject</Filter>
    </ClInclude>
    <ClInclude Include="Sourse code\GameObject\gameObject.h">
      <Filter>Source Files\GameObject</Filter>
    </ClInclude>
    <ClInclude Include="Sourse code\GameObject\gameObjectType.h">
      <Filter>Source Files\GameObject</Filter>
    </ClInclude>
    <ClInclude Include="Sourse code\GameObject\hero.h">
      <Filter>Source Files\GameObject</Filter>
    </ClInclude>
    <ClInclude Include="Sourse code\GameObject\platform.h">
      <Filter>Source Files\GameObject</Filter>
    </ClInclude>
    <ClInclude Include="Sourse code\EventSystem\eventController.h">
      <Filter>Source Files\EventSystem</Filter>
    </ClInclude>
    <ClInclude Include="Sourse code\EventSystem\eventListener.h">
      <Filter>Source Files\EventSystem</Filter>
    </ClInclude>
    <ClInclude Include="Sourse code\Physics\collision.h">
      <Filter>Source Files\Physics</Filter>
    </ClInclude>
    <ClInclude Include="Sourse code\Physics\physicsController.h">
      <Filter>Source Files\Physics</Filter>
    </ClInclude>
    <ClInclude Include="Sourse code\Interface\interface.h">
      <Filter>Source Files\GameInterface</Filter>
    </ClInclude>
    <ClInclude Include="Sourse code\Interface\interfaceWindow.h">
      <Filter>Source Files\GameInterface</Filter>
    </ClInclude>
    <ClInclude Include="Sourse code\Interface\uiButton.h">
      <Filter>Source Files\GameInterface</Filter>
    </ClInclude>
    <ClInclude Include="Sourse code\Interface\uiObject.h">
      <Filter>Source Files\GameInterface</Filter>
    </ClInclude>
    <ClInclude Include="Sourse code\Interface\uiSprite.h">
      <Filter>Source Files\GameInterface</Filter>
    </ClInclude>
    <ClInclude Include="Sourse code\Interface\uiText.h">
      <Filter>Source Files\GameInterface</Filter>
    </ClInclude>
    <ClInclude Include="Sourse code\inputController.h">
      <Filter>Source Files</Filter>
    </ClInclude>
    <ClInclude Include="Sourse code\controller.h">
      <Filter>Source Files</Filter>
    </ClInclude>
    <ClInclude Include="Sourse code\game.h">
      <Filter>Source Files</Filter>
    </ClInclude>
    <ClInclude Include="Sourse code\render\camera.h">
      <Filter>Source Files\Render</Filter>
    </ClInclude>
    <ClInclude Include="Sourse code\render\render.h">
      <Filter>Source Files\Render</Filter>
    </ClInclude>
    <ClInclude Include="Sourse code\dataManager\dataManager.h">
      <Filter>Source Files\DataManager</Filter>
    </ClInclude>
    <ClInclude Include="Sourse code\tools\pool.h">
      <Filter>Source Files\Tools</Filter>
    </ClInclude>
    <ClInclude Include="Sourse code\tools\utils.h">
      <Filter>Source Files\Tools</Filter>
    </ClInclude>
    <ClInclude Include="Sourse code\tools\vec2.h">
      <Filter>Source Files\Tools</Filter>
    </ClInclude>
  </ItemGroup>
</Project>